
Microsoft Visual Studio Solution File, Format Version 12.00
# Visual Studio Version 17
VisualStudioVersion = 17.5.002.0
MinimumVisualStudioVersion = 10.0.40219.1
Project("{9A19103F-16F7-4668-BE54-9A1E7A4F7556}") = "Detestable", "Detestable\Detestable.csproj", "{910FC9B8-C044-4431-81B5-E749F7BB7E74}"
EndProject
Project("{FAE04EC0-301F-11D3-BF4B-00C04F79EFBC}") = "Detestable.Tests", "Detestable.Tests\Detestable.Tests.csproj", "{6B364EED-8155-4C7E-9EB2-82F9925143F3}"
EndProject
Global
	GlobalSection(SolutionConfigurationPlatforms) = preSolution
		Debug|Any CPU = Debug|Any CPU
		Release|Any CPU = Release|Any CPU
	EndGlobalSection
	GlobalSection(ProjectConfigurationPlatforms) = postSolution
		{910FC9B8-C044-4431-81B5-E749F7BB7E74}.Debug|Any CPU.ActiveCfg = Debug|Any CPU
		{910FC9B8-C044-4431-81B5-E749F7BB7E74}.Debug|Any CPU.Build.0 = Debug|Any CPU
		{910FC9B8-C044-4431-81B5-E749F7BB7E74}.Release|Any CPU.ActiveCfg = Release|Any CPU
		{910FC9B8-C044-4431-81B5-E749F7BB7E74}.Release|Any CPU.Build.0 = Release|Any CPU
		{6B364EED-8155-4C7E-9EB2-82F9925143F3}.Debug|Any CPU.ActiveCfg = Debug|Any CPU
		{6B364EED-8155-4C7E-9EB2-82F9925143F3}.Debug|Any CPU.Build.0 = Debug|Any CPU
		{6B364EED-8155-4C7E-9EB2-82F9925143F3}.Release|Any CPU.ActiveCfg = Release|Any CPU
		{6B364EED-8155-4C7E-9EB2-82F9925143F3}.Release|Any CPU.Build.0 = Release|Any CPU
	EndGlobalSection
	GlobalSection(SolutionProperties) = preSolution
		HideSolutionNode = FALSE
	EndGlobalSection
	GlobalSection(ExtensibilityGlobals) = postSolution
		SolutionGuid = {EBD30406-5793-4426-83AE-172C9B613F8D}
	EndGlobalSection
EndGlobal
