
Microsoft Visual Studio Solution File, Format Version 12.00
# Visual Studio Version 17
VisualStudioVersion = 17.5.002.0
MinimumVisualStudioVersion = 10.0.40219.1
Project("{9A19103F-16F7-4668-BE54-9A1E7A4F7556}") = "Oatmilk", "src\Oatmilk\Oatmilk.csproj", "{910FC9B8-C044-4431-81B5-E749F7BB7E74}"
EndProject
Project("{FAE04EC0-301F-11D3-BF4B-00C04F79EFBC}") = "Oatmilk.Tests.Xunit", "test\Oatmilk.Tests.Xunit\Oatmilk.Tests.Xunit.csproj", "{6B364EED-8155-4C7E-9EB2-82F9925143F3}"
EndProject
Project("{FAE04EC0-301F-11D3-BF4B-00C04F79EFBC}") = "Oatmilk.Xunit", "src\Oatmilk.Xunit\Oatmilk.Xunit.csproj", "{5E7744C1-5102-495E-AF84-E0FB670EAF1C}"
EndProject
Project("{2150E333-8FDC-42A3-9474-1A3956D46DE8}") = "src", "src", "{0355805D-9BE0-4CD0-ACD8-64DCCE3B69F8}"
EndProject
Project("{FAE04EC0-301F-11D3-BF4B-00C04F79EFBC}") = "Oatmilk.Nunit", "src\Oatmilk.Nunit\Oatmilk.Nunit.csproj", "{518AEBDB-811D-4094-99C2-9B16F840C5F4}"
EndProject
Project("{2150E333-8FDC-42A3-9474-1A3956D46DE8}") = "test", "test", "{95414C3D-F60E-4088-B0FA-ED2E080493E5}"
EndProject
Project("{FAE04EC0-301F-11D3-BF4B-00C04F79EFBC}") = "Oatmilk.Tests.Nunit", "test\Oatmilk.Tests.Nunit\Oatmilk.Tests.Nunit.csproj", "{9FF507CB-F49D-40CD-9767-25F59451D4CD}"
EndProject
Project("{FAE04EC0-301F-11D3-BF4B-00C04F79EFBC}") = "Oatmilk.Tests.MSTest", "test\Oatmilk.Tests.MSTest\Oatmilk.Tests.MSTest.csproj", "{32B47204-D5A3-4AA4-A8DF-266F47FF03A8}"
EndProject
Project("{FAE04EC0-301F-11D3-BF4B-00C04F79EFBC}") = "Oatmilk.MSTest", "src\Oatmilk.MSTest\Oatmilk.MSTest.csproj", "{D9EF1820-1A12-46C6-8FF2-F4A0576C4704}"
EndProject
Global
	GlobalSection(SolutionConfigurationPlatforms) = preSolution
		Debug|Any CPU = Debug|Any CPU
		Release|Any CPU = Release|Any CPU
	EndGlobalSection
	GlobalSection(ProjectConfigurationPlatforms) = postSolution
		{910FC9B8-C044-4431-81B5-E749F7BB7E74}.Debug|Any CPU.ActiveCfg = Debug|Any CPU
		{910FC9B8-C044-4431-81B5-E749F7BB7E74}.Debug|Any CPU.Build.0 = Debug|Any CPU
		{910FC9B8-C044-4431-81B5-E749F7BB7E74}.Release|Any CPU.ActiveCfg = Release|Any CPU
		{910FC9B8-C044-4431-81B5-E749F7BB7E74}.Release|Any CPU.Build.0 = Release|Any CPU
		{6B364EED-8155-4C7E-9EB2-82F9925143F3}.Debug|Any CPU.ActiveCfg = Debug|Any CPU
		{6B364EED-8155-4C7E-9EB2-82F9925143F3}.Debug|Any CPU.Build.0 = Debug|Any CPU
		{6B364EED-8155-4C7E-9EB2-82F9925143F3}.Release|Any CPU.ActiveCfg = Release|Any CPU
		{6B364EED-8155-4C7E-9EB2-82F9925143F3}.Release|Any CPU.Build.0 = Release|Any CPU
		{5E7744C1-5102-495E-AF84-E0FB670EAF1C}.Debug|Any CPU.ActiveCfg = Debug|Any CPU
		{5E7744C1-5102-495E-AF84-E0FB670EAF1C}.Debug|Any CPU.Build.0 = Debug|Any CPU
		{5E7744C1-5102-495E-AF84-E0FB670EAF1C}.Release|Any CPU.ActiveCfg = Release|Any CPU
		{5E7744C1-5102-495E-AF84-E0FB670EAF1C}.Release|Any CPU.Build.0 = Release|Any CPU
		{518AEBDB-811D-4094-99C2-9B16F840C5F4}.Debug|Any CPU.ActiveCfg = Debug|Any CPU
		{518AEBDB-811D-4094-99C2-9B16F840C5F4}.Debug|Any CPU.Build.0 = Debug|Any CPU
		{518AEBDB-811D-4094-99C2-9B16F840C5F4}.Release|Any CPU.ActiveCfg = Release|Any CPU
		{518AEBDB-811D-4094-99C2-9B16F840C5F4}.Release|Any CPU.Build.0 = Release|Any CPU
		{9FF507CB-F49D-40CD-9767-25F59451D4CD}.Debug|Any CPU.ActiveCfg = Debug|Any CPU
		{9FF507CB-F49D-40CD-9767-25F59451D4CD}.Debug|Any CPU.Build.0 = Debug|Any CPU
		{9FF507CB-F49D-40CD-9767-25F59451D4CD}.Release|Any CPU.ActiveCfg = Release|Any CPU
		{9FF507CB-F49D-40CD-9767-25F59451D4CD}.Release|Any CPU.Build.0 = Release|Any CPU
		{32B47204-D5A3-4AA4-A8DF-266F47FF03A8}.Debug|Any CPU.ActiveCfg = Debug|Any CPU
		{32B47204-D5A3-4AA4-A8DF-266F47FF03A8}.Debug|Any CPU.Build.0 = Debug|Any CPU
		{32B47204-D5A3-4AA4-A8DF-266F47FF03A8}.Release|Any CPU.ActiveCfg = Release|Any CPU
		{32B47204-D5A3-4AA4-A8DF-266F47FF03A8}.Release|Any CPU.Build.0 = Release|Any CPU
		{D9EF1820-1A12-46C6-8FF2-F4A0576C4704}.Debug|Any CPU.ActiveCfg = Debug|Any CPU
		{D9EF1820-1A12-46C6-8FF2-F4A0576C4704}.Debug|Any CPU.Build.0 = Debug|Any CPU
		{D9EF1820-1A12-46C6-8FF2-F4A0576C4704}.Release|Any CPU.ActiveCfg = Release|Any CPU
		{D9EF1820-1A12-46C6-8FF2-F4A0576C4704}.Release|Any CPU.Build.0 = Release|Any CPU
	EndGlobalSection
	GlobalSection(SolutionProperties) = preSolution
		HideSolutionNode = FALSE
	EndGlobalSection
	GlobalSection(ExtensibilityGlobals) = postSolution
		SolutionGuid = {EBD30406-5793-4426-83AE-172C9B613F8D}
	EndGlobalSection
	GlobalSection(NestedProjects) = preSolution
		{518AEBDB-811D-4094-99C2-9B16F840C5F4} = {0355805D-9BE0-4CD0-ACD8-64DCCE3B69F8}
		{9FF507CB-F49D-40CD-9767-25F59451D4CD} = {95414C3D-F60E-4088-B0FA-ED2E080493E5}
		{32B47204-D5A3-4AA4-A8DF-266F47FF03A8} = {95414C3D-F60E-4088-B0FA-ED2E080493E5}
		{D9EF1820-1A12-46C6-8FF2-F4A0576C4704} = {0355805D-9BE0-4CD0-ACD8-64DCCE3B69F8}
	EndGlobalSection
EndGlobal
